
Microsoft Visual Studio Solution File, Format Version 12.00
# Visual Studio Version 17
VisualStudioVersion = 17.10.34916.146
MinimumVisualStudioVersion = 10.0.40219.1
Project("{FAE04EC0-301F-11D3-BF4B-00C04F79EFBC}") = "linked list", "linked list.csproj", "{279A769B-E886-4181-BD91-1CCFDD9A4303}"
EndProject
Global
	GlobalSection(SolutionConfigurationPlatforms) = preSolution
		Debug|Any CPU = Debug|Any CPU
		Release|Any CPU = Release|Any CPU
	EndGlobalSection
	GlobalSection(ProjectConfigurationPlatforms) = postSolution
		{279A769B-E886-4181-BD91-1CCFDD9A4303}.Debug|Any CPU.ActiveCfg = Debug|Any CPU
		{279A769B-E886-4181-BD91-1CCFDD9A4303}.Debug|Any CPU.Build.0 = Debug|Any CPU
		{279A769B-E886-4181-BD91-1CCFDD9A4303}.Release|Any CPU.ActiveCfg = Release|Any CPU
		{279A769B-E886-4181-BD91-1CCFDD9A4303}.Release|Any CPU.Build.0 = Release|Any CPU
	EndGlobalSection
	GlobalSection(SolutionProperties) = preSolution
		HideSolutionNode = FALSE
	EndGlobalSection
	GlobalSection(ExtensibilityGlobals) = postSolution
		SolutionGuid = {5B6C11D7-13A6-4C37-868B-6BF69395A1C5}
	EndGlobalSection
EndGlobal
