
Microsoft Visual Studio Solution File, Format Version 12.00
# Visual Studio Version 17
VisualStudioVersion = 17.10.34916.146
MinimumVisualStudioVersion = 10.0.40219.1
Project("{FAE04EC0-301F-11D3-BF4B-00C04F79EFBC}") = "Queue", "Queue.csproj", "{013207FD-0BE8-4FD4-AFA4-E4BB462B4985}"
EndProject
Global
	GlobalSection(SolutionConfigurationPlatforms) = preSolution
		Debug|Any CPU = Debug|Any CPU
		Release|Any CPU = Release|Any CPU
	EndGlobalSection
	GlobalSection(ProjectConfigurationPlatforms) = postSolution
		{013207FD-0BE8-4FD4-AFA4-E4BB462B4985}.Debug|Any CPU.ActiveCfg = Debug|Any CPU
		{013207FD-0BE8-4FD4-AFA4-E4BB462B4985}.Debug|Any CPU.Build.0 = Debug|Any CPU
		{013207FD-0BE8-4FD4-AFA4-E4BB462B4985}.Release|Any CPU.ActiveCfg = Release|Any CPU
		{013207FD-0BE8-4FD4-AFA4-E4BB462B4985}.Release|Any CPU.Build.0 = Release|Any CPU
	EndGlobalSection
	GlobalSection(SolutionProperties) = preSolution
		HideSolutionNode = FALSE
	EndGlobalSection
	GlobalSection(ExtensibilityGlobals) = postSolution
		SolutionGuid = {C6C5E479-A20E-4029-BB79-E0856EBCA405}
	EndGlobalSection
EndGlobal
